
Microsoft Visual Studio Solution File, Format Version 12.00
# Visual Studio Version 16
VisualStudioVersion = 16.0.31112.23
MinimumVisualStudioVersion = 10.0.40219.1
Project("{FAE04EC0-301F-11D3-BF4B-00C04F79EFBC}") = "todoWebApi", "todoWebApi.csproj", "{93D1CF5D-8A36-4D6D-939B-3A3CEE1E2379}"
EndProject
Global
	GlobalSection(SolutionConfigurationPlatforms) = preSolution
		Debug|Any CPU = Debug|Any CPU
		Release|Any CPU = Release|Any CPU
	EndGlobalSection
	GlobalSection(ProjectConfigurationPlatforms) = postSolution
		{93D1CF5D-8A36-4D6D-939B-3A3CEE1E2379}.Debug|Any CPU.ActiveCfg = Debug|Any CPU
		{93D1CF5D-8A36-4D6D-939B-3A3CEE1E2379}.Debug|Any CPU.Build.0 = Debug|Any CPU
		{93D1CF5D-8A36-4D6D-939B-3A3CEE1E2379}.Release|Any CPU.ActiveCfg = Release|Any CPU
		{93D1CF5D-8A36-4D6D-939B-3A3CEE1E2379}.Release|Any CPU.Build.0 = Release|Any CPU
	EndGlobalSection
	GlobalSection(SolutionProperties) = preSolution
		HideSolutionNode = FALSE
	EndGlobalSection
	GlobalSection(ExtensibilityGlobals) = postSolution
		SolutionGuid = {BDF1A37B-5210-415E-93BE-90DC8399BD74}
	EndGlobalSection
EndGlobal
